cpes:
- cpe:2.3:a:status301:coolclock:0.1:*:*:*:*:wordpress:*:*
- cpe:2.3:a:status301:coolclock:1.0:*:*:*:*:wordpress:*:*
- cpe:2.3:a:status301:coolclock:1.1:*:*:*:*:wordpress:*:*
- cpe:2.3:a:status301:coolclock:2.0:*:*:*:*:wordpress:*:*
- cpe:2.3:a:status301:coolclock:2.9.2:*:*:*:*:wordpress:*:*
- cpe:2.3:a:status301:coolclock:2.9.4:*:*:*:*:wordpress:*:*
- cpe:2.3:a:status301:coolclock:2.9.5:*:*:*:*:wordpress:*:*
- cpe:2.3:a:status301:coolclock:2.9.6:*:*:*:*:wordpress:*:*
- cpe:2.3:a:status301:coolclock:2.9.7:*:*:*:*:wordpress:*:*
- cpe:2.3:a:status301:coolclock:2.9.8:*:*:*:*:wordpress:*:*
- cpe:2.3:a:status301:coolclock:2.9:*:*:*:*:wordpress:*:*
- cpe:2.3:a:status301:coolclock:3.0:*:*:*:*:wordpress:*:*
- cpe:2.3:a:status301:coolclock:3.1:*:*:*:*:wordpress:*:*
- cpe:2.3:a:status301:coolclock:3.2:*:*:*:*:wordpress:*:*
- cpe:2.3:a:status301:coolclock:3.3:*:*:*:*:wordpress:*:*
- cpe:2.3:a:status301:coolclock:4.0:*:*:*:*:wordpress:*:*
- cpe:2.3:a:status301:coolclock:4.1:*:*:*:*:wordpress:*:*
- cpe:2.3:a:status301:coolclock:4.2.1:*:*:*:*:wordpress:*:*
- cpe:2.3:a:status301:coolclock:4.2:*:*:*:*:wordpress:*:*
- cpe:2.3:a:status301:coolclock:4.3.3:*:*:*:*:wordpress:*:*
- cpe:2.3:a:status301:coolclock:4.3.4:*:*:*:*:wordpress:*:*
- cpe:2.3:a:status301:coolclock:4.3.5:*:*:*:*:wordpress:*:*
- cpe:2.3:a:status301:coolclock:4.3:*:*:*:*:wordpress:*:*
- cpe:2.3:a:status301:coolclock:-:*:*:*:*:wordpress:*:*
purls:
- pkg:github/RavanH/coolclock
- pkg:github/wp-plugins/coolclock
- pkg:github/WPPlugins/coolclock
